github.com/go-logr/logr v0.1.0/go.mod h1:ixOQHD9gLJUVQQ2ZOR7zLEifBX6tGkNJF4QyIY7sIas=
github.com/mattn/go-sqlite3 v1.11.0 h1:LDdKkqtYlom37fkvqs8rMPFKAMe8+SgjbwZ6ex1/A/Q=
github.com/mattn/go-sqlite3 v1.11.0/go.mod h1:FPy6KqzDD04eiIsT53CuJW3U88zkxoIYsOqkbpncsNc=
github.com/semog/go-bot-api/v4 v4.7.0 h1:weLs0QdgE63A7btr4BDSiIq3K+id8jztbfmW003VrAU=
github.com/semog/go-bot-api/v4 v4.7.0/go.mod h1:XAo/r1BRfoOlTUfneiIooPV0Bp+dXw/RcuCAqSNZvfM=
github.com/semog/go-common v1.0.1 h1:vIGhx5weZGZs6HzCnz3sxc91Xe24B5BdPAFE0WyHzy4=
github.com/semog/go-common v1.0.1/go.mod h1:ApczNRHBHz3I6TGKOZK1fthBvJQmEjZsQsthj/szNU8=
github.com/semog/go-sqldb v1.0.1 h1:/ueadLauU72e2aaBc0dDvQlWo93WbXrmCqLhwg442Pg=
github.com/semog/go-sqldb v1.0.1/go.mod h1:KdamZeqtH9bGBjqTOqYPJQ2dDhD3DTbXaZdvr+BvWzU=
github.com/semog/go-sqldb v1.0.2 h1:oWq2CyDa/ql8Rm0sEnSPtFHspr2DtJQfBAQg0n+ElaM=
github.com/semog/go-sqldb v1.0.2/go.mod h1:KdamZeqtH9bGBjqTOqYPJQ2dDhD3DTbXaZdvr+BvWzU=
github.com/technoweenie/multipartstreamer v1.0.1 h1:XRztA5MXiR1TIRHxH2uNxXxaIkKQDeX7m2XsSOlQEnM=
github.com/technoweenie/multipartstreamer v1.0.1/go.mod h1:jNVxdtShOxzAsukZwTSw6MDx5eUJoiEBsSvzDU9uzog=
k8s.io/klog v0.4.0 h1:lCJCxf/LIowc2IGS9TPjWDyXY4nOmdGdfcwwDQCOURQ=
k8s.io/klog v0.4.0/go.mod h1:4Bi6QPql/J/LkTDqv7R/cd3hPo4k2DG6Ptcz060Ez5I=
