github.com/go-logr/logr v0.1.0/go.mod h1:ixOQHD9gLJUVQQ2ZOR7zLEifBX6tGkNJF4QyIY7sIas=
github.com/mattn/go-sqlite3 v1.14.16 h1:yOQRA0RpS5PFz/oikGwBEqvAWhWg5ufRz4ETLjwpU1Y=
github.com/mattn/go-sqlite3 v1.14.16/go.mod h1:2eHXhiwb8IkHr+BDWZGa96P6+rkvnG63S2DGjv9HUNg=
github.com/semog/go-bot-api/v5 v5.5.1 h1:L4rL22lUCFqOHwjKHo+pp54vwjz2v1DMNGnyIChK29Y=
github.com/semog/go-bot-api/v5 v5.5.1/go.mod h1:otWkmhkUP8+dcVvMMdgzRWxK8arLU5wiv8E+lxTYx0Y=
github.com/semog/go-sqldb v1.0.4 h1:JjeqqsBW22t8+m0XCZ4u7Ikc91GEaKnipb2vyGf0w5c=
github.com/semog/go-sqldb v1.0.4/go.mod h1:nJjyotXiBnJOXSe/fmfDqk6CYa0Gp2UhUnjRQpow6DY=
k8s.io/klog v0.4.0 h1:lCJCxf/LIowc2IGS9TPjWDyXY4nOmdGdfcwwDQCOURQ=
k8s.io/klog v0.4.0/go.mod h1:4Bi6QPql/J/LkTDqv7R/cd3hPo4k2DG6Ptcz060Ez5I=
