github.com/mattn/go-sqlite3 v1.11.0 h1:LDdKkqtYlom37fkvqs8rMPFKAMe8+SgjbwZ6ex1/A/Q=
github.com/mattn/go-sqlite3 v1.11.0/go.mod h1:FPy6KqzDD04eiIsT53CuJW3U88zkxoIYsOqkbpncsNc=
github.com/mattn/go-sqlite3 v1.14.7 h1:fxWBnXkxfM6sRiuH3bqJ4CfzZojMOLVc0UTsTglEghA=
github.com/mattn/go-sqlite3 v1.14.7/go.mod h1:NyWgC/yNuGj7Q9rpYnZvas74GogHl5/Z4A/KQRfk6bU=
github.com/semog/go-common v1.0.1 h1:vIGhx5weZGZs6HzCnz3sxc91Xe24B5BdPAFE0WyHzy4=
github.com/semog/go-common v1.0.1/go.mod h1:ApczNRHBHz3I6TGKOZK1fthBvJQmEjZsQsthj/szNU8=
github.com/semog/go-sqldb v1.0.1 h1:/ueadLauU72e2aaBc0dDvQlWo93WbXrmCqLhwg442Pg=
github.com/semog/go-sqldb v1.0.1/go.mod h1:KdamZeqtH9bGBjqTOqYPJQ2dDhD3DTbXaZdvr+BvWzU=
github.com/semog/go-sqldb v1.0.3 h1:YG7ZsyAwpeLmR4oud4E3svq9txQGlra7+WoAOhvPgr4=
github.com/semog/go-sqldb v1.0.3/go.mod h1:UnzND8iPt+zhdntoAMUTbSrt5fEExRLolq8gya+leio=
