github.com/mattn/go-sqlite3 v1.14.16 h1:yOQRA0RpS5PFz/oikGwBEqvAWhWg5ufRz4ETLjwpU1Y=
github.com/mattn/go-sqlite3 v1.14.16/go.mod h1:2eHXhiwb8IkHr+BDWZGa96P6+rkvnG63S2DGjv9HUNg=
github.com/semog/go-sqldb v1.0.4 h1:JjeqqsBW22t8+m0XCZ4u7Ikc91GEaKnipb2vyGf0w5c=
github.com/semog/go-sqldb v1.0.4/go.mod h1:nJjyotXiBnJOXSe/fmfDqk6CYa0Gp2UhUnjRQpow6DY=
